{
  "object": {
    "pins": [
      {
        "package": "FZExtensions",
        "repositoryURL": "https://github.com/flocked/FZExtensions.git",
        "state": {
          "branch": "main",
          "revision": "187609a9f6e8fea3f69827398ffbbfc015c815d7",
          "version": null
        }
      }
    ]
  },
  "version": 1
}
