{
  "object": {
    "pins": [
      {
        "package": "FZExtensions",
        "repositoryURL": "https://github.com/flocked/FZExtensions.git",
        "state": {
          "branch": "main",
          "revision": "a06fd7095dc90bf5da3b22db7ce49636af3b17de",
          "version": null
        }
      }
    ]
  },
  "version": 1
}
