{
  "object": {
    "pins": [
      {
        "package": "FZQuicklook",
        "repositoryURL": "https://github.com/flocked/FZQuicklook.git",
        "state": {
          "branch": "main",
          "revision": "44223af3436ecee8fc8b2bf1856e370fea08578d",
          "version": null
        }
      },
      {
        "package": "FZSwiftUtils",
        "repositoryURL": "https://github.com/flocked/FZSwiftUtils.git",
        "state": {
          "branch": "main",
          "revision": "00f36c2e37fdb227229bd39d4cec7fdb8680c307",
          "version": null
        }
      },
      {
        "package": "FZUIKit",
        "repositoryURL": "https://github.com/flocked/FZUIKit.git",
        "state": {
          "branch": "main",
          "revision": "77b0df3d6e4497ba48a33241bf261cc1c227a81d",
          "version": null
        }
      }
    ]
  },
  "version": 1
}
