// !$*UTF8*$!
{
	archiveVersion = 1;
	classes = {
	};
	objectVersion = 60;
	objects = {

/* Begin PBXBuildFile section */
		725C32302B6DF26700997DBC /* Majestic Mouser.png in Resources */ = {isa = PBXBuildFile; fileRef = 725C322F2B6DF26700997DBC /* Majestic Mouser.png */; };
		725C32342B6DF69E00997DBC /* Oxi.png in Resources */ = {isa = PBXBuildFile; fileRef = 725C32312B6DF69E00997DBC /* Oxi.png */; };
		725C32352B6DF69E00997DBC /* Tresor.png in Resources */ = {isa = PBXBuildFile; fileRef = 725C32322B6DF69E00997DBC /* Tresor.png */; };
		725C32362B6DF69E00997DBC /* Underground.png in Resources */ = {isa = PBXBuildFile; fileRef = 725C32332B6DF69E00997DBC /* Underground.png */; };
		727665F82A55E61700F1FD9F /* Vapor Cat.png in Resources */ = {isa = PBXBuildFile; fileRef = 727665F12A55E61600F1FD9F /* Vapor Cat.png */; };
		727665FA2A55E61700F1FD9F /* About Blank.png in Resources */ = {isa = PBXBuildFile; fileRef = 727665F32A55E61700F1FD9F /* About Blank.png */; };
		727665FB2A55E61700F1FD9F /* Plasmawhale.png in Resources */ = {isa = PBXBuildFile; fileRef = 727665F42A55E61700F1FD9F /* Plasmawhale.png */; };
		727665FC2A55E61700F1FD9F /* Cosmojelly.png in Resources */ = {isa = PBXBuildFile; fileRef = 727665F52A55E61700F1FD9F /* Cosmojelly.png */; };
		727665FD2A55E61700F1FD9F /* Berghain.png in Resources */ = {isa = PBXBuildFile; fileRef = 727665F62A55E61700F1FD9F /* Berghain.png */; };
		728F108B2B43A27300EE2F2B /* AdvancedCollectionTableView in Frameworks */ = {isa = PBXBuildFile; productRef = 728F108A2B43A27300EE2F2B /* AdvancedCollectionTableView */; };
		728F108F2B43A32600EE2F2B /* AdvancedCollectionTableView in Frameworks */ = {isa = PBXBuildFile; productRef = 728F108E2B43A32600EE2F2B /* AdvancedCollectionTableView */; };
		72A0C7D72B501EE600779BA0 /* AdvancedCollectionTableView in Frameworks */ = {isa = PBXBuildFile; productRef = 72A0C7D62B501EE600779BA0 /* AdvancedCollectionTableView */; };
		72AFC23A29804B7D00FEA1C8 /* CollectionItem.swift in Sources */ = {isa = PBXBuildFile; fileRef = 72AFC23929804B7D00FEA1C8 /* CollectionItem.swift */; };
		72AFC2B42980ECA600FEA1C8 /* SidebarViewController.swift in Sources */ = {isa = PBXBuildFile; fileRef = 72AFC2B32980ECA600FEA1C8 /* SidebarViewController.swift */; };
		72DE39892979905C007EACAF /* AppDelegate.swift in Sources */ = {isa = PBXBuildFile; fileRef = 72DE39882979905C007EACAF /* AppDelegate.swift */; };
		72DE398B2979905C007EACAF /* ViewController.swift in Sources */ = {isa = PBXBuildFile; fileRef = 72DE398A2979905C007EACAF /* ViewController.swift */; };
		72DE398D2979905D007EACAF /* Assets.xcassets in Resources */ = {isa = PBXBuildFile; fileRef = 72DE398C2979905D007EACAF /* Assets.xcassets */; };
		72DE39902979905D007EACAF /* Main.storyboard in Resources */ = {isa = PBXBuildFile; fileRef = 72DE398E2979905D007EACAF /* Main.storyboard */; };
		72F02E0E2AE117BC00D8D3D7 /* Dystopian City.png in Resources */ = {isa = PBXBuildFile; fileRef = 72F02E0C2AE117BC00D8D3D7 /* Dystopian City.png */; };
		72F02E0F2AE117BC00D8D3D7 /* Fireworker Monkey.png in Resources */ = {isa = PBXBuildFile; fileRef = 72F02E0D2AE117BC00D8D3D7 /* Fireworker Monkey.png */; };
		72F049452B4325F700A6871E /* Neil Catstrong.png in Resources */ = {isa = PBXBuildFile; fileRef = 72F049442B4325F400A6871E /* Neil Catstrong.png */; };
		72F99B662A44FBCB00DDDA1E /* Section.swift in Sources */ = {isa = PBXBuildFile; fileRef = 72F99B652A44FBCB00DDDA1E /* Section.swift */; };
		72F99B682A44FBDD00DDDA1E /* SidebarItem.swift in Sources */ = {isa = PBXBuildFile; fileRef = 72F99B672A44FBDD00DDDA1E /* SidebarItem.swift */; };
/* End PBXBuildFile section */

/* Begin PBXFileReference section */
		725C322F2B6DF26700997DBC /* Majestic Mouser.png */ = {isa = PBXFileReference; lastKnownFileType = image.png; path = "Majestic Mouser.png"; sourceTree = "<group>"; };
		725C32312B6DF69E00997DBC /* Oxi.png */ = {isa = PBXFileReference; lastKnownFileType = image.png; path = Oxi.png; sourceTree = "<group>"; };
		725C32322B6DF69E00997DBC /* Tresor.png */ = {isa = PBXFileReference; lastKnownFileType = image.png; path = Tresor.png; sourceTree = "<group>"; };
		725C32332B6DF69E00997DBC /* Underground.png */ = {isa = PBXFileReference; lastKnownFileType = image.png; path = Underground.png; sourceTree = "<group>"; };
		727665F12A55E61600F1FD9F /* Vapor Cat.png */ = {isa = PBXFileReference; lastKnownFileType = image.png; name = "Vapor Cat.png"; path = "Example/Sample Images/Vapor Cat.png"; sourceTree = SOURCE_ROOT; };
		727665F32A55E61700F1FD9F /* About Blank.png */ = {isa = PBXFileReference; lastKnownFileType = image.png; name = "About Blank.png"; path = "Example/Sample Images/About Blank.png"; sourceTree = SOURCE_ROOT; };
		727665F42A55E61700F1FD9F /* Plasmawhale.png */ = {isa = PBXFileReference; lastKnownFileType = image.png; name = Plasmawhale.png; path = "Example/Sample Images/Plasmawhale.png"; sourceTree = SOURCE_ROOT; };
		727665F52A55E61700F1FD9F /* Cosmojelly.png */ = {isa = PBXFileReference; lastKnownFileType = image.png; name = Cosmojelly.png; path = "Example/Sample Images/Cosmojelly.png"; sourceTree = SOURCE_ROOT; };
		727665F62A55E61700F1FD9F /* Berghain.png */ = {isa = PBXFileReference; lastKnownFileType = image.png; name = Berghain.png; path = "Example/Sample Images/Berghain.png"; sourceTree = SOURCE_ROOT; };
		72AFC23929804B7D00FEA1C8 /* CollectionItem.swift */ = {isa = PBXFileReference; lastKnownFileType = sourcecode.swift; path = CollectionItem.swift; sourceTree = "<group>"; };
		72AFC2B32980ECA600FEA1C8 /* SidebarViewController.swift */ = {isa = PBXFileReference; lastKnownFileType = sourcecode.swift; path = SidebarViewController.swift; sourceTree = "<group>"; };
		72DE39852979905C007EACAF /* Example.app */ = {isa = PBXFileReference; explicitFileType = wrapper.application; includeInIndex = 0; path = Example.app; sourceTree = BUILT_PRODUCTS_DIR; };
		72DE39882979905C007EACAF /* AppDelegate.swift */ = {isa = PBXFileReference; lastKnownFileType = sourcecode.swift; path = AppDelegate.swift; sourceTree = "<group>"; };
		72DE398A2979905C007EACAF /* ViewController.swift */ = {isa = PBXFileReference; lastKnownFileType = sourcecode.swift; path = ViewController.swift; sourceTree = "<group>"; };
		72DE398C2979905D007EACAF /* Assets.xcassets */ = {isa = PBXFileReference; lastKnownFileType = folder.assetcatalog; path = Assets.xcassets; sourceTree = "<group>"; };
		72DE398F2979905D007EACAF /* Base */ = {isa = PBXFileReference; lastKnownFileType = file.storyboard; name = Base; path = Base.lproj/Main.storyboard; sourceTree = "<group>"; };
		72DE39912979905D007EACAF /* Example.entitlements */ = {isa = PBXFileReference; lastKnownFileType = text.plist.entitlements; path = Example.entitlements; sourceTree = "<group>"; };
		72F02E0C2AE117BC00D8D3D7 /* Dystopian City.png */ = {isa = PBXFileReference; lastKnownFileType = image.png; path = "Dystopian City.png"; sourceTree = "<group>"; };
		72F02E0D2AE117BC00D8D3D7 /* Fireworker Monkey.png */ = {isa = PBXFileReference; lastKnownFileType = image.png; path = "Fireworker Monkey.png"; sourceTree = "<group>"; };
		72F049442B4325F400A6871E /* Neil Catstrong.png */ = {isa = PBXFileReference; lastKnownFileType = image.png; path = "Neil Catstrong.png"; sourceTree = "<group>"; };
		72F99B652A44FBCB00DDDA1E /* Section.swift */ = {isa = PBXFileReference; lastKnownFileType = sourcecode.swift; path = Section.swift; sourceTree = "<group>"; };
		72F99B672A44FBDD00DDDA1E /* SidebarItem.swift */ = {isa = PBXFileReference; lastKnownFileType = sourcecode.swift; path = SidebarItem.swift; sourceTree = "<group>"; };
/* End PBXFileReference section */

/* Begin PBXFrameworksBuildPhase section */
		72DE39822979905C007EACAF /* Frameworks */ = {
			isa = PBXFrameworksBuildPhase;
			buildActionMask = 2147483647;
			files = (
				72A0C7D72B501EE600779BA0 /* AdvancedCollectionTableView in Frameworks */,
				728F108F2B43A32600EE2F2B /* AdvancedCollectionTableView in Frameworks */,
				728F108B2B43A27300EE2F2B /* AdvancedCollectionTableView in Frameworks */,
			);
			runOnlyForDeploymentPostprocessing = 0;
		};
/* End PBXFrameworksBuildPhase section */

/* Begin PBXGroup section */
		72D95F492A46ED86008B1FE6 /* Sample Images */ = {
			isa = PBXGroup;
			children = (
				727665F32A55E61700F1FD9F /* About Blank.png */,
				727665F62A55E61700F1FD9F /* Berghain.png */,
				727665F52A55E61700F1FD9F /* Cosmojelly.png */,
				72F02E0C2AE117BC00D8D3D7 /* Dystopian City.png */,
				72F02E0D2AE117BC00D8D3D7 /* Fireworker Monkey.png */,
				725C322F2B6DF26700997DBC /* Majestic Mouser.png */,
				72F049442B4325F400A6871E /* Neil Catstrong.png */,
				725C32312B6DF69E00997DBC /* Oxi.png */,
				725C32322B6DF69E00997DBC /* Tresor.png */,
				727665F42A55E61700F1FD9F /* Plasmawhale.png */,
				725C32332B6DF69E00997DBC /* Underground.png */,
				727665F12A55E61600F1FD9F /* Vapor Cat.png */,
			);
			path = "Sample Images";
			sourceTree = "<group>";
		};
		72DE397C2979905C007EACAF = {
			isa = PBXGroup;
			children = (
				72DE39872979905C007EACAF /* Example */,
				72DE39862979905C007EACAF /* Products */,
			);
			sourceTree = "<group>";
		};
		72DE39862979905C007EACAF /* Products */ = {
			isa = PBXGroup;
			children = (
				72DE39852979905C007EACAF /* Example.app */,
			);
			name = Products;
			sourceTree = "<group>";
		};
		72DE39872979905C007EACAF /* Example */ = {
			isa = PBXGroup;
			children = (
				72DE39882979905C007EACAF /* AppDelegate.swift */,
				72DE398A2979905C007EACAF /* ViewController.swift */,
				72AFC2B32980ECA600FEA1C8 /* SidebarViewController.swift */,
				72F99B642A44FBC000DDDA1E /* Model */,
				72D95F492A46ED86008B1FE6 /* Sample Images */,
				72DE398C2979905D007EACAF /* Assets.xcassets */,
				72DE398E2979905D007EACAF /* Main.storyboard */,
				72DE39912979905D007EACAF /* Example.entitlements */,
			);
			path = Example;
			sourceTree = "<group>";
		};
		72F99B642A44FBC000DDDA1E /* Model */ = {
			isa = PBXGroup;
			children = (
				72AFC23929804B7D00FEA1C8 /* CollectionItem.swift */,
				72F99B672A44FBDD00DDDA1E /* SidebarItem.swift */,
				72F99B652A44FBCB00DDDA1E /* Section.swift */,
			);
			path = Model;
			sourceTree = "<group>";
		};
/* End PBXGroup section */

/* Begin PBXNativeTarget section */
		72DE39842979905C007EACAF /* Example */ = {
			isa = PBXNativeTarget;
			buildConfigurationList = 72DE39942979905D007EACAF /* Build configuration list for PBXNativeTarget "Example" */;
			buildPhases = (
				72DE39812979905C007EACAF /* Sources */,
				72DE39822979905C007EACAF /* Frameworks */,
				72DE39832979905C007EACAF /* Resources */,
			);
			buildRules = (
			);
			dependencies = (
			);
			name = Example;
			packageProductDependencies = (
				728F108A2B43A27300EE2F2B /* AdvancedCollectionTableView */,
				728F108E2B43A32600EE2F2B /* AdvancedCollectionTableView */,
				72A0C7D62B501EE600779BA0 /* AdvancedCollectionTableView */,
			);
			productName = CollectionViewTemplate;
			productReference = 72DE39852979905C007EACAF /* Example.app */;
			productType = "com.apple.product-type.application";
		};
/* End PBXNativeTarget section */

/* Begin PBXProject section */
		72DE397D2979905C007EACAF /* Project object */ = {
			isa = PBXProject;
			attributes = {
				BuildIndependentTargetsInParallel = 1;
				LastSwiftUpdateCheck = 1410;
				LastUpgradeCheck = 1430;
				TargetAttributes = {
					72DE39842979905C007EACAF = {
						CreatedOnToolsVersion = 14.1;
						LastSwiftMigration = 1410;
					};
				};
			};
			buildConfigurationList = 72DE39802979905C007EACAF /* Build configuration list for PBXProject "Example" */;
			compatibilityVersion = "Xcode 14.0";
			developmentRegion = en;
			hasScannedForEncodings = 0;
			knownRegions = (
				en,
				Base,
			);
			mainGroup = 72DE397C2979905C007EACAF;
			packageReferences = (
				72A0C7D52B501EE600779BA0 /* XCLocalSwiftPackageReference ".." */,
			);
			productRefGroup = 72DE39862979905C007EACAF /* Products */;
			projectDirPath = "";
			projectRoot = "";
			targets = (
				72DE39842979905C007EACAF /* Example */,
			);
		};
/* End PBXProject section */

/* Begin PBXResourcesBuildPhase section */
		72DE39832979905C007EACAF /* Resources */ = {
			isa = PBXResourcesBuildPhase;
			buildActionMask = 2147483647;
			files = (
				727665FB2A55E61700F1FD9F /* Plasmawhale.png in Resources */,
				727665FA2A55E61700F1FD9F /* About Blank.png in Resources */,
				725C32302B6DF26700997DBC /* Majestic Mouser.png in Resources */,
				725C32362B6DF69E00997DBC /* Underground.png in Resources */,
				725C32342B6DF69E00997DBC /* Oxi.png in Resources */,
				725C32352B6DF69E00997DBC /* Tresor.png in Resources */,
				72F049452B4325F700A6871E /* Neil Catstrong.png in Resources */,
				72DE398D2979905D007EACAF /* Assets.xcassets in Resources */,
				72F02E0F2AE117BC00D8D3D7 /* Fireworker Monkey.png in Resources */,
				72DE39902979905D007EACAF /* Main.storyboard in Resources */,
				727665F82A55E61700F1FD9F /* Vapor Cat.png in Resources */,
				72F02E0E2AE117BC00D8D3D7 /* Dystopian City.png in Resources */,
				727665FC2A55E61700F1FD9F /* Cosmojelly.png in Resources */,
				727665FD2A55E61700F1FD9F /* Berghain.png in Resources */,
			);
			runOnlyForDeploymentPostprocessing = 0;
		};
/* End PBXResourcesBuildPhase section */

/* Begin PBXSourcesBuildPhase section */
		72DE39812979905C007EACAF /* Sources */ = {
			isa = PBXSourcesBuildPhase;
			buildActionMask = 2147483647;
			files = (
				72DE398B2979905C007EACAF /* ViewController.swift in Sources */,
				72AFC23A29804B7D00FEA1C8 /* CollectionItem.swift in Sources */,
				72F99B662A44FBCB00DDDA1E /* Section.swift in Sources */,
				72F99B682A44FBDD00DDDA1E /* SidebarItem.swift in Sources */,
				72AFC2B42980ECA600FEA1C8 /* SidebarViewController.swift in Sources */,
				72DE39892979905C007EACAF /* AppDelegate.swift in Sources */,
			);
			runOnlyForDeploymentPostprocessing = 0;
		};
/* End PBXSourcesBuildPhase section */

/* Begin PBXVariantGroup section */
		72DE398E2979905D007EACAF /* Main.storyboard */ = {
			isa = PBXVariantGroup;
			children = (
				72DE398F2979905D007EACAF /* Base */,
			);
			name = Main.storyboard;
			sourceTree = "<group>";
		};
/* End PBXVariantGroup section */

/* Begin XCBuildConfiguration section */
		72DE39922979905D007EACAF /* Debug */ = {
			isa = XCBuildConfiguration;
			buildSettings = {
				ALWAYS_SEARCH_USER_PATHS = NO;
				CLANG_ANALYZER_NONNULL = YES;
				CLANG_ANALYZER_NUMBER_OBJECT_CONVERSION = YES_AGGRESSIVE;
				CLANG_CXX_LANGUAGE_STANDARD = "gnu++20";
				CLANG_ENABLE_MODULES = YES;
				CLANG_ENABLE_OBJC_ARC = YES;
				CLANG_ENABLE_OBJC_WEAK = YES;
				CLANG_WARN_BLOCK_CAPTURE_AUTORELEASING = YES;
				CLANG_WARN_BOOL_CONVERSION = YES;
				CLANG_WARN_COMMA = YES;
				CLANG_WARN_CONSTANT_CONVERSION = YES;
				CLANG_WARN_DEPRECATED_OBJC_IMPLEMENTATIONS = YES;
				CLANG_WARN_DIRECT_OBJC_ISA_USAGE = YES_ERROR;
				CLANG_WARN_DOCUMENTATION_COMMENTS = YES;
				CLANG_WARN_EMPTY_BODY = YES;
				CLANG_WARN_ENUM_CONVERSION = YES;
				CLANG_WARN_INFINITE_RECURSION = YES;
				CLANG_WARN_INT_CONVERSION = YES;
				CLANG_WARN_NON_LITERAL_NULL_CONVERSION = YES;
				CLANG_WARN_OBJC_IMPLICIT_RETAIN_SELF = YES;
				CLANG_WARN_OBJC_LITERAL_CONVERSION = YES;
				CLANG_WARN_OBJC_ROOT_CLASS = YES_ERROR;
				CLANG_WARN_QUOTED_INCLUDE_IN_FRAMEWORK_HEADER = YES;
				CLANG_WARN_RANGE_LOOP_ANALYSIS = YES;
				CLANG_WARN_STRICT_PROTOTYPES = YES;
				CLANG_WARN_SUSPICIOUS_MOVE = YES;
				CLANG_WARN_UNGUARDED_AVAILABILITY = YES_AGGRESSIVE;
				CLANG_WARN_UNREACHABLE_CODE = YES;
				CLANG_WARN__DUPLICATE_METHOD_MATCH = YES;
				COPY_PHASE_STRIP = NO;
				DEAD_CODE_STRIPPING = YES;
				DEBUG_INFORMATION_FORMAT = dwarf;
				ENABLE_STRICT_OBJC_MSGSEND = YES;
				ENABLE_TESTABILITY = YES;
				GCC_C_LANGUAGE_STANDARD = gnu11;
				GCC_DYNAMIC_NO_PIC = NO;
				GCC_NO_COMMON_BLOCKS = YES;
				GCC_OPTIMIZATION_LEVEL = 0;
				GCC_PREPROCESSOR_DEFINITIONS = (
					"DEBUG=1",
					"$(inherited)",
				);
				GCC_WARN_64_TO_32_BIT_CONVERSION = YES;
				GCC_WARN_ABOUT_RETURN_TYPE = YES_ERROR;
				GCC_WARN_UNDECLARED_SELECTOR = YES;
				GCC_WARN_UNINITIALIZED_AUTOS = YES_AGGRESSIVE;
				GCC_WARN_UNUSED_FUNCTION = YES;
				GCC_WARN_UNUSED_VARIABLE = YES;
				MACOSX_DEPLOYMENT_TARGET = 14.0;
				MTL_ENABLE_DEBUG_INFO = INCLUDE_SOURCE;
				MTL_FAST_MATH = YES;
				ONLY_ACTIVE_ARCH = YES;
				SDKROOT = macosx;
				SWIFT_ACTIVE_COMPILATION_CONDITIONS = DEBUG;
				SWIFT_OPTIMIZATION_LEVEL = "-Onone";
			};
			name = Debug;
		};
		72DE39932979905D007EACAF /* Release */ = {
			isa = XCBuildConfiguration;
			buildSettings = {
				ALWAYS_SEARCH_USER_PATHS = NO;
				CLANG_ANALYZER_NONNULL = YES;
				CLANG_ANALYZER_NUMBER_OBJECT_CONVERSION = YES_AGGRESSIVE;
				CLANG_CXX_LANGUAGE_STANDARD = "gnu++20";
				CLANG_ENABLE_MODULES = YES;
				CLANG_ENABLE_OBJC_ARC = YES;
				CLANG_ENABLE_OBJC_WEAK = YES;
				CLANG_WARN_BLOCK_CAPTURE_AUTORELEASING = YES;
				CLANG_WARN_BOOL_CONVERSION = YES;
				CLANG_WARN_COMMA = YES;
				CLANG_WARN_CONSTANT_CONVERSION = YES;
				CLANG_WARN_DEPRECATED_OBJC_IMPLEMENTATIONS = YES;
				CLANG_WARN_DIRECT_OBJC_ISA_USAGE = YES_ERROR;
				CLANG_WARN_DOCUMENTATION_COMMENTS = YES;
				CLANG_WARN_EMPTY_BODY = YES;
				CLANG_WARN_ENUM_CONVERSION = YES;
				CLANG_WARN_INFINITE_RECURSION = YES;
				CLANG_WARN_INT_CONVERSION = YES;
				CLANG_WARN_NON_LITERAL_NULL_CONVERSION = YES;
				CLANG_WARN_OBJC_IMPLICIT_RETAIN_SELF = YES;
				CLANG_WARN_OBJC_LITERAL_CONVERSION = YES;
				CLANG_WARN_OBJC_ROOT_CLASS = YES_ERROR;
				CLANG_WARN_QUOTED_INCLUDE_IN_FRAMEWORK_HEADER = YES;
				CLANG_WARN_RANGE_LOOP_ANALYSIS = YES;
				CLANG_WARN_STRICT_PROTOTYPES = YES;
				CLANG_WARN_SUSPICIOUS_MOVE = YES;
				CLANG_WARN_UNGUARDED_AVAILABILITY = YES_AGGRESSIVE;
				CLANG_WARN_UNREACHABLE_CODE = YES;
				CLANG_WARN__DUPLICATE_METHOD_MATCH = YES;
				COPY_PHASE_STRIP = NO;
				DEAD_CODE_STRIPPING = YES;
				DEBUG_INFORMATION_FORMAT = "dwarf-with-dsym";
				ENABLE_NS_ASSERTIONS = NO;
				ENABLE_STRICT_OBJC_MSGSEND = YES;
				GCC_C_LANGUAGE_STANDARD = gnu11;
				GCC_NO_COMMON_BLOCKS = YES;
				GCC_WARN_64_TO_32_BIT_CONVERSION = YES;
				GCC_WARN_ABOUT_RETURN_TYPE = YES_ERROR;
				GCC_WARN_UNDECLARED_SELECTOR = YES;
				GCC_WARN_UNINITIALIZED_AUTOS = YES_AGGRESSIVE;
				GCC_WARN_UNUSED_FUNCTION = YES;
				GCC_WARN_UNUSED_VARIABLE = YES;
				MACOSX_DEPLOYMENT_TARGET = 14.0;
				MTL_ENABLE_DEBUG_INFO = NO;
				MTL_FAST_MATH = YES;
				SDKROOT = macosx;
				SWIFT_COMPILATION_MODE = wholemodule;
				SWIFT_OPTIMIZATION_LEVEL = "-O";
			};
			name = Release;
		};
		72DE39952979905D007EACAF /* Debug */ = {
			isa = XCBuildConfiguration;
			buildSettings = {
				ASSETCATALOG_COMPILER_APPICON_NAME = AppIcon;
				ASSETCATALOG_COMPILER_GLOBAL_ACCENT_COLOR_NAME = AccentColor;
				CLANG_ENABLE_MODULES = YES;
				CODE_SIGN_ENTITLEMENTS = Example/Example.entitlements;
				CODE_SIGN_STYLE = Automatic;
				COMBINE_HIDPI_IMAGES = YES;
				CURRENT_PROJECT_VERSION = 1;
				DEAD_CODE_STRIPPING = YES;
				GENERATE_INFOPLIST_FILE = YES;
				INFOPLIST_KEY_NSHumanReadableCopyright = "";
				INFOPLIST_KEY_NSMainStoryboardFile = Main;
				INFOPLIST_KEY_NSPrincipalClass = NSApplication;
				LD_RUNPATH_SEARCH_PATHS = (
					"$(inherited)",
					"@executable_path/../Frameworks",
				);
				MARKETING_VERSION = 1.0;
				PRODUCT_BUNDLE_IDENTIFIER = com.muffinstory.advancedCollectionTableViewExample;
				PRODUCT_NAME = "$(TARGET_NAME)";
				SWIFT_EMIT_LOC_STRINGS = YES;
				SWIFT_OBJC_BRIDGING_HEADER = "";
				SWIFT_OPTIMIZATION_LEVEL = "-Onone";
				SWIFT_VERSION = 5.0;
			};
			name = Debug;
		};
		72DE39962979905D007EACAF /* Release */ = {
			isa = XCBuildConfiguration;
			buildSettings = {
				ASSETCATALOG_COMPILER_APPICON_NAME = AppIcon;
				ASSETCATALOG_COMPILER_GLOBAL_ACCENT_COLOR_NAME = AccentColor;
				CLANG_ENABLE_MODULES = YES;
				CODE_SIGN_ENTITLEMENTS = Example/Example.entitlements;
				CODE_SIGN_STYLE = Automatic;
				COMBINE_HIDPI_IMAGES = YES;
				CURRENT_PROJECT_VERSION = 1;
				DEAD_CODE_STRIPPING = YES;
				GENERATE_INFOPLIST_FILE = YES;
				INFOPLIST_KEY_NSHumanReadableCopyright = "";
				INFOPLIST_KEY_NSMainStoryboardFile = Main;
				INFOPLIST_KEY_NSPrincipalClass = NSApplication;
				LD_RUNPATH_SEARCH_PATHS = (
					"$(inherited)",
					"@executable_path/../Frameworks",
				);
				MARKETING_VERSION = 1.0;
				PRODUCT_BUNDLE_IDENTIFIER = com.muffinstory.advancedCollectionTableViewExample;
				PRODUCT_NAME = "$(TARGET_NAME)";
				SWIFT_EMIT_LOC_STRINGS = YES;
				SWIFT_OBJC_BRIDGING_HEADER = "";
				SWIFT_VERSION = 5.0;
			};
			name = Release;
		};
/* End XCBuildConfiguration section */

/* Begin XCConfigurationList section */
		72DE39802979905C007EACAF /* Build configuration list for PBXProject "Example" */ = {
			isa = XCConfigurationList;
			buildConfigurations = (
				72DE39922979905D007EACAF /* Debug */,
				72DE39932979905D007EACAF /* Release */,
			);
			defaultConfigurationIsVisible = 0;
			defaultConfigurationName = Release;
		};
		72DE39942979905D007EACAF /* Build configuration list for PBXNativeTarget "Example" */ = {
			isa = XCConfigurationList;
			buildConfigurations = (
				72DE39952979905D007EACAF /* Debug */,
				72DE39962979905D007EACAF /* Release */,
			);
			defaultConfigurationIsVisible = 0;
			defaultConfigurationName = Release;
		};
/* End XCConfigurationList section */

/* Begin XCLocalSwiftPackageReference section */
		72A0C7D52B501EE600779BA0 /* XCLocalSwiftPackageReference ".." */ = {
			isa = XCLocalSwiftPackageReference;
			relativePath = ..;
		};
/* End XCLocalSwiftPackageReference section */

/* Begin XCSwiftPackageProductDependency section */
		728F108A2B43A27300EE2F2B /* AdvancedCollectionTableView */ = {
			isa = XCSwiftPackageProductDependency;
			productName = AdvancedCollectionTableView;
		};
		728F108E2B43A32600EE2F2B /* AdvancedCollectionTableView */ = {
			isa = XCSwiftPackageProductDependency;
			productName = AdvancedCollectionTableView;
		};
		72A0C7D62B501EE600779BA0 /* AdvancedCollectionTableView */ = {
			isa = XCSwiftPackageProductDependency;
			productName = AdvancedCollectionTableView;
		};
/* End XCSwiftPackageProductDependency section */
	};
	rootObject = 72DE397D2979905C007EACAF /* Project object */;
}
