{
  "pins" : [
    {
      "identity" : "fzquicklook",
      "kind" : "remoteSourceControl",
      "location" : "https://github.com/flocked/FZQuicklook.git",
      "state" : {
        "branch" : "main",
        "revision" : "45409fcc38e50f6e418315cf8e961fa2d3e39b7a"
      }
    },
    {
      "identity" : "fzswiftutils",
      "kind" : "remoteSourceControl",
      "location" : "https://github.com/flocked/FZSwiftUtils.git",
      "state" : {
        "branch" : "main",
        "revision" : "5afe01ef4c540b3ed21cc949b7b2c3715494505d"
      }
    },
    {
      "identity" : "fzuikit",
      "kind" : "remoteSourceControl",
      "location" : "https://github.com/flocked/FZUIKit.git",
      "state" : {
        "branch" : "main",
        "revision" : "0d757a038c39e61acb94098287abe389081afc5c"
      }
    }
  ],
  "version" : 2
}
