{
  "pins" : [
    {
      "identity" : "advancedcollectiontableview",
      "kind" : "remoteSourceControl",
      "location" : "https://github.com/flocked/AdvancedCollectionTableView.git",
      "state" : {
        "branch" : "main",
        "revision" : "3d44484f6d47915050e09b161a9786c10afe7f12"
      }
    },
    {
      "identity" : "fzquicklook",
      "kind" : "remoteSourceControl",
      "location" : "https://github.com/flocked/FZQuicklook.git",
      "state" : {
        "branch" : "main",
        "revision" : "abdefed6de7ff9075649a8b6e05593654fc6315d"
      }
    },
    {
      "identity" : "fzswiftutils",
      "kind" : "remoteSourceControl",
      "location" : "https://github.com/flocked/FZSwiftUtils.git",
      "state" : {
        "branch" : "main",
        "revision" : "d190afc8734be5ea0797146cbb1729b0dd518dc4"
      }
    },
    {
      "identity" : "fzuikit",
      "kind" : "remoteSourceControl",
      "location" : "https://github.com/flocked/FZUIKit.git",
      "state" : {
        "branch" : "main",
        "revision" : "871fbe8690eb4f9931a39248ebfb5d5f5a914eb0"
      }
    }
  ],
  "version" : 2
}
