{
  "pins" : [
    {
      "identity" : "advancedcollectiontableview",
      "kind" : "remoteSourceControl",
      "location" : "https://github.com/flocked/AdvancedCollectionTableView.git",
      "state" : {
        "branch" : "main",
        "revision" : "9e1a182f33fcffd7519954bff3a8cd2b540c2df7"
      }
    },
    {
      "identity" : "fzquicklook",
      "kind" : "remoteSourceControl",
      "location" : "https://github.com/flocked/FZQuicklook.git",
      "state" : {
        "branch" : "main",
        "revision" : "78965ff2b6058ca1d4dfd55232715974f0a16564"
      }
    },
    {
      "identity" : "fzswiftutils",
      "kind" : "remoteSourceControl",
      "location" : "https://github.com/flocked/FZSwiftUtils.git",
      "state" : {
        "branch" : "main",
        "revision" : "b83d942d81d9192fb11bd0610648fe9a4df49615"
      }
    },
    {
      "identity" : "fzuikit",
      "kind" : "remoteSourceControl",
      "location" : "https://github.com/flocked/FZUIKit.git",
      "state" : {
        "branch" : "main",
        "revision" : "b5885c50b2433dd040745264bf035a580c6f64f4"
      }
    }
  ],
  "version" : 2
}
